// !$*UTF8*$!
{
	archiveVersion = 1;
	classes = {
	};
	objectVersion = 56;
	objects = {

/* Begin PBXBuildFile section */
		D04AEBDC2A872B7300D95E6E /* HackingWithSwiftApp.swift in Sources */ = {isa = PBXBuildFile; fileRef = D04AEBDB2A872B7300D95E6E /* HackingWithSwiftApp.swift */; };
		D04AEBDE2A872B7300D95E6E /* ContentView.swift in Sources */ = {isa = PBXBuildFile; fileRef = D04AEBDD2A872B7300D95E6E /* ContentView.swift */; };
		D04AEBE02A872B7400D95E6E /* Assets.xcassets in Resources */ = {isa = PBXBuildFile; fileRef = D04AEBDF2A872B7400D95E6E /* Assets.xcassets */; };
		D04AEBE32A872B7400D95E6E /* Preview Assets.xcassets in Resources */ = {isa = PBXBuildFile; fileRef = D04AEBE22A872B7400D95E6E /* Preview Assets.xcassets */; };
		D04AEBF52A872DA800D95E6E /* ExampleApp.swift in Sources */ = {isa = PBXBuildFile; fileRef = D04AEBF42A872DA800D95E6E /* ExampleApp.swift */; };
		D04AEBF72A872E6E00D95E6E /* ContentView-ViewModel.swift in Sources */ = {isa = PBXBuildFile; fileRef = D04AEBF62A872E6E00D95E6E /* ContentView-ViewModel.swift */; };
		D04AEBFB2A872F1400D95E6E /* BucketListView.swift in Sources */ = {isa = PBXBuildFile; fileRef = D04AEBFA2A872F1400D95E6E /* BucketListView.swift */; };
		D04AEBFD2A872F3300D95E6E /* WeSplitView.swift in Sources */ = {isa = PBXBuildFile; fileRef = D04AEBFC2A872F3300D95E6E /* WeSplitView.swift */; };
		D04AEBFF2A872FE800D95E6E /* ExampleAppListItemView.swift in Sources */ = {isa = PBXBuildFile; fileRef = D04AEBFE2A872FE800D95E6E /* ExampleAppListItemView.swift */; };
/* End PBXBuildFile section */

/* Begin PBXFileReference section */
		D04AEBD82A872B7300D95E6E /* HackingWithSwift.app */ = {isa = PBXFileReference; explicitFileType = wrapper.application; includeInIndex = 0; path = HackingWithSwift.app; sourceTree = BUILT_PRODUCTS_DIR; };
		D04AEBDB2A872B7300D95E6E /* HackingWithSwiftApp.swift */ = {isa = PBXFileReference; lastKnownFileType = sourcecode.swift; path = HackingWithSwiftApp.swift; sourceTree = "<group>"; };
		D04AEBDD2A872B7300D95E6E /* ContentView.swift */ = {isa = PBXFileReference; lastKnownFileType = sourcecode.swift; path = ContentView.swift; sourceTree = "<group>"; };
		D04AEBDF2A872B7400D95E6E /* Assets.xcassets */ = {isa = PBXFileReference; lastKnownFileType = folder.assetcatalog; path = Assets.xcassets; sourceTree = "<group>"; };
		D04AEBE22A872B7400D95E6E /* Preview Assets.xcassets */ = {isa = PBXFileReference; lastKnownFileType = folder.assetcatalog; path = "Preview Assets.xcassets"; sourceTree = "<group>"; };
		D04AEBF42A872DA800D95E6E /* ExampleApp.swift */ = {isa = PBXFileReference; lastKnownFileType = sourcecode.swift; path = ExampleApp.swift; sourceTree = "<group>"; };
		D04AEBF62A872E6E00D95E6E /* ContentView-ViewModel.swift */ = {isa = PBXFileReference; lastKnownFileType = sourcecode.swift; path = "ContentView-ViewModel.swift"; sourceTree = "<group>"; };
		D04AEBFA2A872F1400D95E6E /* BucketListView.swift */ = {isa = PBXFileReference; lastKnownFileType = sourcecode.swift; path = BucketListView.swift; sourceTree = "<group>"; };
		D04AEBFC2A872F3300D95E6E /* WeSplitView.swift */ = {isa = PBXFileReference; lastKnownFileType = sourcecode.swift; path = WeSplitView.swift; sourceTree = "<group>"; };
		D04AEBFE2A872FE800D95E6E /* ExampleAppListItemView.swift */ = {isa = PBXFileReference; lastKnownFileType = sourcecode.swift; path = ExampleAppListItemView.swift; sourceTree = "<group>"; };
/* End PBXFileReference section */

/* Begin PBXFrameworksBuildPhase section */
		D04AEBD52A872B7300D95E6E /* Frameworks */ = {
			isa = PBXFrameworksBuildPhase;
			buildActionMask = 2147483647;
			files = (
			);
			runOnlyForDeploymentPostprocessing = 0;
		};
/* End PBXFrameworksBuildPhase section */

/* Begin PBXGroup section */
		D04AEBCF2A872B7300D95E6E = {
			isa = PBXGroup;
			children = (
				D04AEBDA2A872B7300D95E6E /* HackingWithSwift */,
				D04AEBD92A872B7300D95E6E /* Products */,
			);
			sourceTree = "<group>";
		};
		D04AEBD92A872B7300D95E6E /* Products */ = {
			isa = PBXGroup;
			children = (
				D04AEBD82A872B7300D95E6E /* HackingWithSwift.app */,
			);
			name = Products;
			sourceTree = "<group>";
		};
		D04AEBDA2A872B7300D95E6E /* HackingWithSwift */ = {
			isa = PBXGroup;
			children = (
				D04AEBDB2A872B7300D95E6E /* HackingWithSwiftApp.swift */,
				D04AEBEF2A872D6F00D95E6E /* Apps */,
				D04AEBF02A872D6F00D95E6E /* Model */,
				D04AEBF12A872D6F00D95E6E /* View */,
				D04AEBEE2A872D6F00D95E6E /* ViewModel */,
				D04AEBDF2A872B7400D95E6E /* Assets.xcassets */,
				D04AEBE12A872B7400D95E6E /* Preview Content */,
			);
			path = HackingWithSwift;
			sourceTree = "<group>";
		};
		D04AEBE12A872B7400D95E6E /* Preview Content */ = {
			isa = PBXGroup;
			children = (
				D04AEBE22A872B7400D95E6E /* Preview Assets.xcassets */,
			);
			path = "Preview Content";
			sourceTree = "<group>";
		};
		D04AEBEE2A872D6F00D95E6E /* ViewModel */ = {
			isa = PBXGroup;
			children = (
				D04AEBF62A872E6E00D95E6E /* ContentView-ViewModel.swift */,
			);
			path = ViewModel;
			sourceTree = "<group>";
		};
		D04AEBEF2A872D6F00D95E6E /* Apps */ = {
			isa = PBXGroup;
			children = (
				D04AEBF32A872D8000D95E6E /* WeSplit */,
				D04AEBF22A872D7400D95E6E /* BucketList */,
			);
			path = Apps;
			sourceTree = "<group>";
		};
		D04AEBF02A872D6F00D95E6E /* Model */ = {
			isa = PBXGroup;
			children = (
				D04AEBF42A872DA800D95E6E /* ExampleApp.swift */,
			);
			path = Model;
			sourceTree = "<group>";
		};
		D04AEBF12A872D6F00D95E6E /* View */ = {
			isa = PBXGroup;
			children = (
				D04AEBDD2A872B7300D95E6E /* ContentView.swift */,
				D04AEBFE2A872FE800D95E6E /* ExampleAppListItemView.swift */,
			);
			path = View;
			sourceTree = "<group>";
		};
		D04AEBF22A872D7400D95E6E /* BucketList */ = {
			isa = PBXGroup;
			children = (
				D04AEBF92A872EF800D95E6E /* View */,
			);
			path = BucketList;
			sourceTree = "<group>";
		};
		D04AEBF32A872D8000D95E6E /* WeSplit */ = {
			isa = PBXGroup;
			children = (
				D04AEBF82A872EF300D95E6E /* View */,
			);
			path = WeSplit;
			sourceTree = "<group>";
		};
		D04AEBF82A872EF300D95E6E /* View */ = {
			isa = PBXGroup;
			children = (
				D04AEBFC2A872F3300D95E6E /* WeSplitView.swift */,
			);
			path = View;
			sourceTree = "<group>";
		};
		D04AEBF92A872EF800D95E6E /* View */ = {
			isa = PBXGroup;
			children = (
				D04AEBFA2A872F1400D95E6E /* BucketListView.swift */,
			);
			path = View;
			sourceTree = "<group>";
		};
/* End PBXGroup section */

/* Begin PBXNativeTarget section */
		D04AEBD72A872B7300D95E6E /* HackingWithSwift */ = {
			isa = PBXNativeTarget;
			buildConfigurationList = D04AEBE62A872B7400D95E6E /* Build configuration list for PBXNativeTarget "HackingWithSwift" */;
			buildPhases = (
				D04AEBD42A872B7300D95E6E /* Sources */,
				D04AEBD52A872B7300D95E6E /* Frameworks */,
				D04AEBD62A872B7300D95E6E /* Resources */,
			);
			buildRules = (
			);
			dependencies = (
			);
			name = HackingWithSwift;
			productName = HackingWithSwift;
			productReference = D04AEBD82A872B7300D95E6E /* HackingWithSwift.app */;
			productType = "com.apple.product-type.application";
		};
/* End PBXNativeTarget section */

/* Begin PBXProject section */
		D04AEBD02A872B7300D95E6E /* Project object */ = {
			isa = PBXProject;
			attributes = {
				BuildIndependentTargetsInParallel = 1;
				LastSwiftUpdateCheck = 1430;
				LastUpgradeCheck = 1430;
				TargetAttributes = {
					D04AEBD72A872B7300D95E6E = {
						CreatedOnToolsVersion = 14.3.1;
					};
				};
			};
			buildConfigurationList = D04AEBD32A872B7300D95E6E /* Build configuration list for PBXProject "HackingWithSwift" */;
			compatibilityVersion = "Xcode 14.0";
			developmentRegion = en;
			hasScannedForEncodings = 0;
			knownRegions = (
				en,
				Base,
			);
			mainGroup = D04AEBCF2A872B7300D95E6E;
			productRefGroup = D04AEBD92A872B7300D95E6E /* Products */;
			projectDirPath = "";
			projectRoot = "";
			targets = (
				D04AEBD72A872B7300D95E6E /* HackingWithSwift */,
			);
		};
/* End PBXProject section */

/* Begin PBXResourcesBuildPhase section */
		D04AEBD62A872B7300D95E6E /* Resources */ = {
			isa = PBXResourcesBuildPhase;
			buildActionMask = 2147483647;
			files = (
				D04AEBE32A872B7400D95E6E /* Preview Assets.xcassets in Resources */,
				D04AEBE02A872B7400D95E6E /* Assets.xcassets in Resources */,
			);
			runOnlyForDeploymentPostprocessing = 0;
		};
/* End PBXResourcesBuildPhase section */

/* Begin PBXSourcesBuildPhase section */
		D04AEBD42A872B7300D95E6E /* Sources */ = {
			isa = PBXSourcesBuildPhase;
			buildActionMask = 2147483647;
			files = (
				D04AEBFB2A872F1400D95E6E /* BucketListView.swift in Sources */,
				D04AEBFF2A872FE800D95E6E /* ExampleAppListItemView.swift in Sources */,
				D04AEBF52A872DA800D95E6E /* ExampleApp.swift in Sources */,
				D04AEBF72A872E6E00D95E6E /* ContentView-ViewModel.swift in Sources */,
				D04AEBFD2A872F3300D95E6E /* WeSplitView.swift in Sources */,
				D04AEBDE2A872B7300D95E6E /* ContentView.swift in Sources */,
				D04AEBDC2A872B7300D95E6E /* HackingWithSwiftApp.swift in Sources */,
			);
			runOnlyForDeploymentPostprocessing = 0;
		};
/* End PBXSourcesBuildPhase section */

/* Begin XCBuildConfiguration section */
		D04AEBE42A872B7400D95E6E /* Debug */ = {
			isa = XCBuildConfiguration;
			buildSettings = {
				ALWAYS_SEARCH_USER_PATHS = NO;
				CLANG_ANALYZER_NONNULL = YES;
				CLANG_ANALYZER_NUMBER_OBJECT_CONVERSION = YES_AGGRESSIVE;
				CLANG_CXX_LANGUAGE_STANDARD = "gnu++20";
				CLANG_ENABLE_MODULES = YES;
				CLANG_ENABLE_OBJC_ARC = YES;
				CLANG_ENABLE_OBJC_WEAK = YES;
				CLANG_WARN_BLOCK_CAPTURE_AUTORELEASING = YES;
				CLANG_WARN_BOOL_CONVERSION = YES;
				CLANG_WARN_COMMA = YES;
				CLANG_WARN_CONSTANT_CONVERSION = YES;
				CLANG_WARN_DEPRECATED_OBJC_IMPLEMENTATIONS = YES;
				CLANG_WARN_DIRECT_OBJC_ISA_USAGE = YES_ERROR;
				CLANG_WARN_DOCUMENTATION_COMMENTS = YES;
				CLANG_WARN_EMPTY_BODY = YES;
				CLANG_WARN_ENUM_CONVERSION = YES;
				CLANG_WARN_INFINITE_RECURSION = YES;
				CLANG_WARN_INT_CONVERSION = YES;
				CLANG_WARN_NON_LITERAL_NULL_CONVERSION = YES;
				CLANG_WARN_OBJC_IMPLICIT_RETAIN_SELF = YES;
				CLANG_WARN_OBJC_LITERAL_CONVERSION = YES;
				CLANG_WARN_OBJC_ROOT_CLASS = YES_ERROR;
				CLANG_WARN_QUOTED_INCLUDE_IN_FRAMEWORK_HEADER = YES;
				CLANG_WARN_RANGE_LOOP_ANALYSIS = YES;
				CLANG_WARN_STRICT_PROTOTYPES = YES;
				CLANG_WARN_SUSPICIOUS_MOVE = YES;
				CLANG_WARN_UNGUARDED_AVAILABILITY = YES_AGGRESSIVE;
				CLANG_WARN_UNREACHABLE_CODE = YES;
				CLANG_WARN__DUPLICATE_METHOD_MATCH = YES;
				COPY_PHASE_STRIP = NO;
				DEBUG_INFORMATION_FORMAT = dwarf;
				ENABLE_STRICT_OBJC_MSGSEND = YES;
				ENABLE_TESTABILITY = YES;
				GCC_C_LANGUAGE_STANDARD = gnu11;
				GCC_DYNAMIC_NO_PIC = NO;
				GCC_NO_COMMON_BLOCKS = YES;
				GCC_OPTIMIZATION_LEVEL = 0;
				GCC_PREPROCESSOR_DEFINITIONS = (
					"DEBUG=1",
					"$(inherited)",
				);
				GCC_WARN_64_TO_32_BIT_CONVERSION = YES;
				GCC_WARN_ABOUT_RETURN_TYPE = YES_ERROR;
				GCC_WARN_UNDECLARED_SELECTOR = YES;
				GCC_WARN_UNINITIALIZED_AUTOS = YES_AGGRESSIVE;
				GCC_WARN_UNUSED_FUNCTION = YES;
				GCC_WARN_UNUSED_VARIABLE = YES;
				IPHONEOS_DEPLOYMENT_TARGET = 16.4;
				MTL_ENABLE_DEBUG_INFO = INCLUDE_SOURCE;
				MTL_FAST_MATH = YES;
				ONLY_ACTIVE_ARCH = YES;
				SDKROOT = iphoneos;
				SWIFT_ACTIVE_COMPILATION_CONDITIONS = DEBUG;
				SWIFT_OPTIMIZATION_LEVEL = "-Onone";
			};
			name = Debug;
		};
		D04AEBE52A872B7400D95E6E /* Release */ = {
			isa = XCBuildConfiguration;
			buildSettings = {
				ALWAYS_SEARCH_USER_PATHS = NO;
				CLANG_ANALYZER_NONNULL = YES;
				CLANG_ANALYZER_NUMBER_OBJECT_CONVERSION = YES_AGGRESSIVE;
				CLANG_CXX_LANGUAGE_STANDARD = "gnu++20";
				CLANG_ENABLE_MODULES = YES;
				CLANG_ENABLE_OBJC_ARC = YES;
				CLANG_ENABLE_OBJC_WEAK = YES;
				CLANG_WARN_BLOCK_CAPTURE_AUTORELEASING = YES;
				CLANG_WARN_BOOL_CONVERSION = YES;
				CLANG_WARN_COMMA = YES;
				CLANG_WARN_CONSTANT_CONVERSION = YES;
				CLANG_WARN_DEPRECATED_OBJC_IMPLEMENTATIONS = YES;
				CLANG_WARN_DIRECT_OBJC_ISA_USAGE = YES_ERROR;
				CLANG_WARN_DOCUMENTATION_COMMENTS = YES;
				CLANG_WARN_EMPTY_BODY = YES;
				CLANG_WARN_ENUM_CONVERSION = YES;
				CLANG_WARN_INFINITE_RECURSION = YES;
				CLANG_WARN_INT_CONVERSION = YES;
				CLANG_WARN_NON_LITERAL_NULL_CONVERSION = YES;
				CLANG_WARN_OBJC_IMPLICIT_RETAIN_SELF = YES;
				CLANG_WARN_OBJC_LITERAL_CONVERSION = YES;
				CLANG_WARN_OBJC_ROOT_CLASS = YES_ERROR;
				CLANG_WARN_QUOTED_INCLUDE_IN_FRAMEWORK_HEADER = YES;
				CLANG_WARN_RANGE_LOOP_ANALYSIS = YES;
				CLANG_WARN_STRICT_PROTOTYPES = YES;
				CLANG_WARN_SUSPICIOUS_MOVE = YES;
				CLANG_WARN_UNGUARDED_AVAILABILITY = YES_AGGRESSIVE;
				CLANG_WARN_UNREACHABLE_CODE = YES;
				CLANG_WARN__DUPLICATE_METHOD_MATCH = YES;
				COPY_PHASE_STRIP = NO;
				DEBUG_INFORMATION_FORMAT = "dwarf-with-dsym";
				ENABLE_NS_ASSERTIONS = NO;
				ENABLE_STRICT_OBJC_MSGSEND = YES;
				GCC_C_LANGUAGE_STANDARD = gnu11;
				GCC_NO_COMMON_BLOCKS = YES;
				GCC_WARN_64_TO_32_BIT_CONVERSION = YES;
				GCC_WARN_ABOUT_RETURN_TYPE = YES_ERROR;
				GCC_WARN_UNDECLARED_SELECTOR = YES;
				GCC_WARN_UNINITIALIZED_AUTOS = YES_AGGRESSIVE;
				GCC_WARN_UNUSED_FUNCTION = YES;
				GCC_WARN_UNUSED_VARIABLE = YES;
				IPHONEOS_DEPLOYMENT_TARGET = 16.4;
				MTL_ENABLE_DEBUG_INFO = NO;
				MTL_FAST_MATH = YES;
				SDKROOT = iphoneos;
				SWIFT_COMPILATION_MODE = wholemodule;
				SWIFT_OPTIMIZATION_LEVEL = "-O";
				VALIDATE_PRODUCT = YES;
			};
			name = Release;
		};
		D04AEBE72A872B7400D95E6E /* Debug */ = {
			isa = XCBuildConfiguration;
			buildSettings = {
				ASSETCATALOG_COMPILER_APPICON_NAME = AppIcon;
				ASSETCATALOG_COMPILER_GLOBAL_ACCENT_COLOR_NAME = AccentColor;
				CODE_SIGN_STYLE = Automatic;
				CURRENT_PROJECT_VERSION = 1;
				DEVELOPMENT_ASSET_PATHS = "\"HackingWithSwift/Preview Content\"";
				DEVELOPMENT_TEAM = FK6TFWF4AL;
				ENABLE_PREVIEWS = YES;
				GENERATE_INFOPLIST_FILE = YES;
				INFOPLIST_KEY_UIApplicationSceneManifest_Generation = YES;
				INFOPLIST_KEY_UIApplicationSupportsIndirectInputEvents = YES;
				INFOPLIST_KEY_UILaunchScreen_Generation = YES;
				INFOPLIST_KEY_UISupportedInterfaceOrientations_iPad = "UIInterfaceOrientationPortrait UIInterfaceOrientationPortraitUpsideDown UIInterfaceOrientationLandscapeLeft UIInterfaceOrientationLandscapeRight";
				INFOPLIST_KEY_UISupportedInterfaceOrientations_iPhone = "UIInterfaceOrientationPortrait UIInterfaceOrientationLandscapeLeft UIInterfaceOrientationLandscapeRight";
				LD_RUNPATH_SEARCH_PATHS = (
					"$(inherited)",
					"@executable_path/Frameworks",
				);
				MARKETING_VERSION = 1.0;
				PRODUCT_BUNDLE_IDENTIFIER = com.justinagrimes.HackingWithSwift;
				PRODUCT_NAME = "$(TARGET_NAME)";
				SWIFT_EMIT_LOC_STRINGS = YES;
				SWIFT_VERSION = 5.0;
				TARGETED_DEVICE_FAMILY = "1,2";
			};
			name = Debug;
		};
		D04AEBE82A872B7400D95E6E /* Release */ = {
			isa = XCBuildConfiguration;
			buildSettings = {
				ASSETCATALOG_COMPILER_APPICON_NAME = AppIcon;
				ASSETCATALOG_COMPILER_GLOBAL_ACCENT_COLOR_NAME = AccentColor;
				CODE_SIGN_STYLE = Automatic;
				CURRENT_PROJECT_VERSION = 1;
				DEVELOPMENT_ASSET_PATHS = "\"HackingWithSwift/Preview Content\"";
				DEVELOPMENT_TEAM = FK6TFWF4AL;
				ENABLE_PREVIEWS = YES;
				GENERATE_INFOPLIST_FILE = YES;
				INFOPLIST_KEY_UIApplicationSceneManifest_Generation = YES;
				INFOPLIST_KEY_UIApplicationSupportsIndirectInputEvents = YES;
				INFOPLIST_KEY_UILaunchScreen_Generation = YES;
				INFOPLIST_KEY_UISupportedInterfaceOrientations_iPad = "UIInterfaceOrientationPortrait UIInterfaceOrientationPortraitUpsideDown UIInterfaceOrientationLandscapeLeft UIInterfaceOrientationLandscapeRight";
				INFOPLIST_KEY_UISupportedInterfaceOrientations_iPhone = "UIInterfaceOrientationPortrait UIInterfaceOrientationLandscapeLeft UIInterfaceOrientationLandscapeRight";
				LD_RUNPATH_SEARCH_PATHS = (
					"$(inherited)",
					"@executable_path/Frameworks",
				);
				MARKETING_VERSION = 1.0;
				PRODUCT_BUNDLE_IDENTIFIER = com.justinagrimes.HackingWithSwift;
				PRODUCT_NAME = "$(TARGET_NAME)";
				SWIFT_EMIT_LOC_STRINGS = YES;
				SWIFT_VERSION = 5.0;
				TARGETED_DEVICE_FAMILY = "1,2";
			};
			name = Release;
		};
/* End XCBuildConfiguration section */

/* Begin XCConfigurationList section */
		D04AEBD32A872B7300D95E6E /* Build configuration list for PBXProject "HackingWithSwift" */ = {
			isa = XCConfigurationList;
			buildConfigurations = (
				D04AEBE42A872B7400D95E6E /* Debug */,
				D04AEBE52A872B7400D95E6E /* Release */,
			);
			defaultConfigurationIsVisible = 0;
			defaultConfigurationName = Release;
		};
		D04AEBE62A872B7400D95E6E /* Build configuration list for PBXNativeTarget "HackingWithSwift" */ = {
			isa = XCConfigurationList;
			buildConfigurations = (
				D04AEBE72A872B7400D95E6E /* Debug */,
				D04AEBE82A872B7400D95E6E /* Release */,
			);
			defaultConfigurationIsVisible = 0;
			defaultConfigurationName = Release;
		};
/* End XCConfigurationList section */
	};
	rootObject = D04AEBD02A872B7300D95E6E /* Project object */;
}
